// !$*UTF8*$!
{
	archiveVersion = 1;
	classes = {
	};
	objectVersion = 51;
	objects = {

/* Begin PBXBuildFile section */
		1DD1D56711EC223CA80B71BF /* Pods_FortuneTelling.framework in Frameworks */ = {isa = PBXBuildFile; fileRef = 034D80F57CEFF93B1811303E /* Pods_FortuneTelling.framework */; };
		640D7E8024B1D06F0096F554 /* DateManager.swift in Sources */ = {isa = PBXBuildFile; fileRef = 640D7E7F24B1D06F0096F554 /* DateManager.swift */; };
		640D7E8224B1DE390096F554 /* BirthTimePickerVC.swift in Sources */ = {isa = PBXBuildFile; fileRef = 640D7E8124B1DE390096F554 /* BirthTimePickerVC.swift */; };
		640D7E8424B23FE70096F554 /* SpecificYear.swift in Sources */ = {isa = PBXBuildFile; fileRef = 640D7E8324B23FE70096F554 /* SpecificYear.swift */; };
		640D7E8624B243240096F554 /* UserManager.swift in Sources */ = {isa = PBXBuildFile; fileRef = 640D7E8524B243240096F554 /* UserManager.swift */; };
		640D7E8824B24FEE0096F554 /* SpecificMonth.swift in Sources */ = {isa = PBXBuildFile; fileRef = 640D7E8724B24FEE0096F554 /* SpecificMonth.swift */; };
		640D7E8A24B2561A0096F554 /* SpecificDay.swift in Sources */ = {isa = PBXBuildFile; fileRef = 640D7E8924B2561A0096F554 /* SpecificDay.swift */; };
		640D7E8E24B259910096F554 /* specificDayData.json in Resources */ = {isa = PBXBuildFile; fileRef = 640D7E8D24B259910096F554 /* specificDayData.json */; };
		640D7E9024B2D7520096F554 /* SpecificHour.swift in Sources */ = {isa = PBXBuildFile; fileRef = 640D7E8F24B2D7520096F554 /* SpecificHour.swift */; };
		640D7E9324B304530096F554 /* FortuneTelling.xcdatamodeld in Sources */ = {isa = PBXBuildFile; fileRef = 640D7E9124B304530096F554 /* FortuneTelling.xcdatamodeld */; };
		6446F99824A47BCC0053B01E /* LunarDate.swift in Sources */ = {isa = PBXBuildFile; fileRef = 6446F99724A47BCC0053B01E /* LunarDate.swift */; };
		6446F99A24A773C50053B01E /* StorageManager.swift in Sources */ = {isa = PBXBuildFile; fileRef = 6446F99924A773C50053B01E /* StorageManager.swift */; };
		64529E1024BC195600E6E336 /* BirthComment.swift in Sources */ = {isa = PBXBuildFile; fileRef = 64529E0F24BC195600E6E336 /* BirthComment.swift */; };
		64529E1224BC22A300E6E336 /* WuXingModel.swift in Sources */ = {isa = PBXBuildFile; fileRef = 64529E1124BC22A300E6E336 /* WuXingModel.swift */; };
		64B65DC724A7C6AD00397C07 /* YearHeavenEarthly.swift in Sources */ = {isa = PBXBuildFile; fileRef = 64B65DC624A7C6AD00397C07 /* YearHeavenEarthly.swift */; };
		64B65DC924A8B75E00397C07 /* String+Extension.swift in Sources */ = {isa = PBXBuildFile; fileRef = 64B65DC824A8B75E00397C07 /* String+Extension.swift */; };
		64B65DCB24A8C28400397C07 /* MonthHeavenEarthly.swift in Sources */ = {isa = PBXBuildFile; fileRef = 64B65DCA24A8C28400397C07 /* MonthHeavenEarthly.swift */; };
		64B65DCF24A9B10B00397C07 /* monthHeavenEarthlyData.json in Resources */ = {isa = PBXBuildFile; fileRef = 64B65DCE24A9B10B00397C07 /* monthHeavenEarthlyData.json */; };
		64B65DD124A9B44300397C07 /* DayHeavenEarthly.swift in Sources */ = {isa = PBXBuildFile; fileRef = 64B65DD024A9B44300397C07 /* DayHeavenEarthly.swift */; };
		64B65DD324A9E7FD00397C07 /* HourHeavenEarthly.swift in Sources */ = {isa = PBXBuildFile; fileRef = 64B65DD224A9E7FD00397C07 /* HourHeavenEarthly.swift */; };
		64B65DD624AA4A4D00397C07 /* ResultCollectionViewCell.swift in Sources */ = {isa = PBXBuildFile; fileRef = 64B65DD424AA4A4D00397C07 /* ResultCollectionViewCell.swift */; };
		64B65DD724AA4A4D00397C07 /* ResultCollectionViewCell.xib in Resources */ = {isa = PBXBuildFile; fileRef = 64B65DD524AA4A4D00397C07 /* ResultCollectionViewCell.xib */; };
		64B65DD924AB174800397C07 /* HeavenEarthlyStruct.swift in Sources */ = {isa = PBXBuildFile; fileRef = 64B65DD824AB174700397C07 /* HeavenEarthlyStruct.swift */; };
		64B65DDB24AB233300397C07 /* BigTenYears.swift in Sources */ = {isa = PBXBuildFile; fileRef = 64B65DDA24AB233300397C07 /* BigTenYears.swift */; };
		64B65DDD24AB700B00397C07 /* bigTenYearsData.json in Resources */ = {isa = PBXBuildFile; fileRef = 64B65DDC24AB700B00397C07 /* bigTenYearsData.json */; };
		64B65DDF24AC74C000397C07 /* TenGod.swift in Sources */ = {isa = PBXBuildFile; fileRef = 64B65DDE24AC74C000397C07 /* TenGod.swift */; };
		64FEF3AF249CB49000B77E59 /* AppDelegate.swift in Sources */ = {isa = PBXBuildFile; fileRef = 64FEF3AE249CB49000B77E59 /* AppDelegate.swift */; };
		64FEF3B3249CB49000B77E59 /* HBGTabBarViewController.swift in Sources */ = {isa = PBXBuildFile; fileRef = 64FEF3B2249CB49000B77E59 /* HBGTabBarViewController.swift */; };
		64FEF3B6249CB49000B77E59 /* Main.storyboard in Resources */ = {isa = PBXBuildFile; fileRef = 64FEF3B4249CB49000B77E59 /* Main.storyboard */; };
		64FEF3BB249CB49100B77E59 /* Assets.xcassets in Resources */ = {isa = PBXBuildFile; fileRef = 64FEF3BA249CB49100B77E59 /* Assets.xcassets */; };
		64FEF3BE249CB49100B77E59 /* LaunchScreen.storyboard in Resources */ = {isa = PBXBuildFile; fileRef = 64FEF3BC249CB49100B77E59 /* LaunchScreen.storyboard */; };
		64FEF3CC249CCEDE00B77E59 /* UserInput.storyboard in Resources */ = {isa = PBXBuildFile; fileRef = 64FEF3CB249CCEDE00B77E59 /* UserInput.storyboard */; };
		64FEF3CE249CCEE900B77E59 /* FortuneResult.storyboard in Resources */ = {isa = PBXBuildFile; fileRef = 64FEF3CD249CCEE900B77E59 /* FortuneResult.storyboard */; };
		64FEF3D0249CCEF600B77E59 /* Record.storyboard in Resources */ = {isa = PBXBuildFile; fileRef = 64FEF3CF249CCEF600B77E59 /* Record.storyboard */; };
		64FEF3D3249CCF6400B77E59 /* UIStoryborad+Extension.swift in Sources */ = {isa = PBXBuildFile; fileRef = 64FEF3D2249CCF6400B77E59 /* UIStoryborad+Extension.swift */; };
		64FEF3D5249CD08800B77E59 /* UIImage+Extension.swift in Sources */ = {isa = PBXBuildFile; fileRef = 64FEF3D4249CD08800B77E59 /* UIImage+Extension.swift */; };
		64FEF3D7249CD46700B77E59 /* UserInputVC.swift in Sources */ = {isa = PBXBuildFile; fileRef = 64FEF3D6249CD46700B77E59 /* UserInputVC.swift */; };
		64FEF3D9249CD47300B77E59 /* FortuneResultVC.swift in Sources */ = {isa = PBXBuildFile; fileRef = 64FEF3D8249CD47300B77E59 /* FortuneResultVC.swift */; };
		64FEF3DB249CD47D00B77E59 /* RecordVC.swift in Sources */ = {isa = PBXBuildFile; fileRef = 64FEF3DA249CD47D00B77E59 /* RecordVC.swift */; };
		64FEF3DE249CDA8000B77E59 /* RecordTableViewCell.swift in Sources */ = {isa = PBXBuildFile; fileRef = 64FEF3DC249CDA8000B77E59 /* RecordTableViewCell.swift */; };
		64FEF3DF249CDA8000B77E59 /* RecordTableViewCell.xib in Resources */ = {isa = PBXBuildFile; fileRef = 64FEF3DD249CDA8000B77E59 /* RecordTableViewCell.xib */; };
		64FEF3E1249CDC0E00B77E59 /* UITableView+Extension.swift in Sources */ = {isa = PBXBuildFile; fileRef = 64FEF3E0249CDC0E00B77E59 /* UITableView+Extension.swift */; };
		64FEF3E4249F60A500B77E59 /* FortuneResultTableViewCell.swift in Sources */ = {isa = PBXBuildFile; fileRef = 64FEF3E2249F60A500B77E59 /* FortuneResultTableViewCell.swift */; };
		64FEF3E5249F60A500B77E59 /* FortuneResultTableViewCell.xib in Resources */ = {isa = PBXBuildFile; fileRef = 64FEF3E3249F60A500B77E59 /* FortuneResultTableViewCell.xib */; };
		64FEF3E7249F626400B77E59 /* UICollectionView+Extension.swift in Sources */ = {isa = PBXBuildFile; fileRef = 64FEF3E6249F626400B77E59 /* UICollectionView+Extension.swift */; };
		64FEF3EA249F644300B77E59 /* ResultTitleCollectionViewCell.swift in Sources */ = {isa = PBXBuildFile; fileRef = 64FEF3E8249F644300B77E59 /* ResultTitleCollectionViewCell.swift */; };
		64FEF3EB249F644300B77E59 /* ResultTitleCollectionViewCell.xib in Resources */ = {isa = PBXBuildFile; fileRef = 64FEF3E9249F644300B77E59 /* ResultTitleCollectionViewCell.xib */; };
		64FEF3ED249F7C8B00B77E59 /* FortuneResultTableHeaderView.xib in Resources */ = {isa = PBXBuildFile; fileRef = 64FEF3EC249F7C8B00B77E59 /* FortuneResultTableHeaderView.xib */; };
		64FEF3EF249F7CA200B77E59 /* FortuneResulteTableHeaderView.swift in Sources */ = {isa = PBXBuildFile; fileRef = 64FEF3EE249F7CA200B77E59 /* FortuneResulteTableHeaderView.swift */; };
		64FEF3F2249FD0DF00B77E59 /* FortuneCommentTableViewCell.swift in Sources */ = {isa = PBXBuildFile; fileRef = 64FEF3F0249FD0DF00B77E59 /* FortuneCommentTableViewCell.swift */; };
		64FEF3F3249FD0DF00B77E59 /* FortuneCommentTableViewCell.xib in Resources */ = {isa = PBXBuildFile; fileRef = 64FEF3F1249FD0DF00B77E59 /* FortuneCommentTableViewCell.xib */; };
		64FEF3F6249FDC9C00B77E59 /* DatePickerVC.swift in Sources */ = {isa = PBXBuildFile; fileRef = 64FEF3F5249FDC9C00B77E59 /* DatePickerVC.swift */; };
		64FEF3F824A0C4C400B77E59 /* BirthPickerVC.swift in Sources */ = {isa = PBXBuildFile; fileRef = 64FEF3F724A0C4C400B77E59 /* BirthPickerVC.swift */; };
		64FEF3FB24A2EB5200B77E59 /* UIColor+Extension.swift in Sources */ = {isa = PBXBuildFile; fileRef = 64FEF3FA24A2EB5200B77E59 /* UIColor+Extension.swift */; };
		64FEF3FD24A2EE8C00B77E59 /* SolarDate.swift in Sources */ = {isa = PBXBuildFile; fileRef = 64FEF3FC24A2EE8C00B77E59 /* SolarDate.swift */; };
		64FEF3FF24A33F7000B77E59 /* BirthdayModel.swift in Sources */ = {isa = PBXBuildFile; fileRef = 64FEF3FE24A33F7000B77E59 /* BirthdayModel.swift */; };
/* End PBXBuildFile section */

/* Begin PBXFileReference section */
		034D80F57CEFF93B1811303E /* Pods_FortuneTelling.framework */ = {isa = PBXFileReference; explicitFileType = wrapper.framework; includeInIndex = 0; path = Pods_FortuneTelling.framework; sourceTree = BUILT_PRODUCTS_DIR; };
		0C666386613114DD3E208017 /* Pods-FortuneTelling.release.xcconfig */ = {isa = PBXFileReference; includeInIndex = 1; lastKnownFileType = text.xcconfig; name = "Pods-FortuneTelling.release.xcconfig"; path = "Target Support Files/Pods-FortuneTelling/Pods-FortuneTelling.release.xcconfig"; sourceTree = "<group>"; };
		640D7E7F24B1D06F0096F554 /* DateManager.swift */ = {isa = PBXFileReference; lastKnownFileType = sourcecode.swift; path = DateManager.swift; sourceTree = "<group>"; };
		640D7E8124B1DE390096F554 /* BirthTimePickerVC.swift */ = {isa = PBXFileReference; lastKnownFileType = sourcecode.swift; path = BirthTimePickerVC.swift; sourceTree = "<group>"; };
		640D7E8324B23FE70096F554 /* SpecificYear.swift */ = {isa = PBXFileReference; lastKnownFileType = sourcecode.swift; path = SpecificYear.swift; sourceTree = "<group>"; };
		640D7E8524B243240096F554 /* UserManager.swift */ = {isa = PBXFileReference; lastKnownFileType = sourcecode.swift; path = UserManager.swift; sourceTree = "<group>"; };
		640D7E8724B24FEE0096F554 /* SpecificMonth.swift */ = {isa = PBXFileReference; lastKnownFileType = sourcecode.swift; path = SpecificMonth.swift; sourceTree = "<group>"; };
		640D7E8924B2561A0096F554 /* SpecificDay.swift */ = {isa = PBXFileReference; lastKnownFileType = sourcecode.swift; path = SpecificDay.swift; sourceTree = "<group>"; };
		640D7E8D24B259910096F554 /* specificDayData.json */ = {isa = PBXFileReference; fileEncoding = 4; lastKnownFileType = text.json; path = specificDayData.json; sourceTree = "<group>"; };
		640D7E8F24B2D7520096F554 /* SpecificHour.swift */ = {isa = PBXFileReference; lastKnownFileType = sourcecode.swift; path = SpecificHour.swift; sourceTree = "<group>"; };
		640D7E9224B304530096F554 /* FortuneTelling.xcdatamodel */ = {isa = PBXFileReference; lastKnownFileType = wrapper.xcdatamodel; path = FortuneTelling.xcdatamodel; sourceTree = "<group>"; };
		6446F99724A47BCC0053B01E /* LunarDate.swift */ = {isa = PBXFileReference; lastKnownFileType = sourcecode.swift; path = LunarDate.swift; sourceTree = "<group>"; };
		6446F99924A773C50053B01E /* StorageManager.swift */ = {isa = PBXFileReference; lastKnownFileType = sourcecode.swift; path = StorageManager.swift; sourceTree = "<group>"; };
		64529E0F24BC195600E6E336 /* BirthComment.swift */ = {isa = PBXFileReference; lastKnownFileType = sourcecode.swift; path = BirthComment.swift; sourceTree = "<group>"; };
		64529E1124BC22A300E6E336 /* WuXingModel.swift */ = {isa = PBXFileReference; lastKnownFileType = sourcecode.swift; path = WuXingModel.swift; sourceTree = "<group>"; };
		64B65DC624A7C6AD00397C07 /* YearHeavenEarthly.swift */ = {isa = PBXFileReference; lastKnownFileType = sourcecode.swift; path = YearHeavenEarthly.swift; sourceTree = "<group>"; };
		64B65DC824A8B75E00397C07 /* String+Extension.swift */ = {isa = PBXFileReference; lastKnownFileType = sourcecode.swift; path = "String+Extension.swift"; sourceTree = "<group>"; };
		64B65DCA24A8C28400397C07 /* MonthHeavenEarthly.swift */ = {isa = PBXFileReference; lastKnownFileType = sourcecode.swift; path = MonthHeavenEarthly.swift; sourceTree = "<group>"; };
		64B65DCE24A9B10B00397C07 /* monthHeavenEarthlyData.json */ = {isa = PBXFileReference; fileEncoding = 4; lastKnownFileType = text.json; path = monthHeavenEarthlyData.json; sourceTree = "<group>"; };
		64B65DD024A9B44300397C07 /* DayHeavenEarthly.swift */ = {isa = PBXFileReference; lastKnownFileType = sourcecode.swift; path = DayHeavenEarthly.swift; sourceTree = "<group>"; };
		64B65DD224A9E7FD00397C07 /* HourHeavenEarthly.swift */ = {isa = PBXFileReference; lastKnownFileType = sourcecode.swift; path = HourHeavenEarthly.swift; sourceTree = "<group>"; };
		64B65DD424AA4A4D00397C07 /* ResultCollectionViewCell.swift */ = {isa = PBXFileReference; lastKnownFileType = sourcecode.swift; path = ResultCollectionViewCell.swift; sourceTree = "<group>"; };
		64B65DD524AA4A4D00397C07 /* ResultCollectionViewCell.xib */ = {isa = PBXFileReference; lastKnownFileType = file.xib; path = ResultCollectionViewCell.xib; sourceTree = "<group>"; };
		64B65DD824AB174700397C07 /* HeavenEarthlyStruct.swift */ = {isa = PBXFileReference; lastKnownFileType = sourcecode.swift; path = HeavenEarthlyStruct.swift; sourceTree = "<group>"; };
		64B65DDA24AB233300397C07 /* BigTenYears.swift */ = {isa = PBXFileReference; lastKnownFileType = sourcecode.swift; path = BigTenYears.swift; sourceTree = "<group>"; };
		64B65DDC24AB700B00397C07 /* bigTenYearsData.json */ = {isa = PBXFileReference; fileEncoding = 4; lastKnownFileType = text.json; path = bigTenYearsData.json; sourceTree = "<group>"; };
		64B65DDE24AC74C000397C07 /* TenGod.swift */ = {isa = PBXFileReference; lastKnownFileType = sourcecode.swift; path = TenGod.swift; sourceTree = "<group>"; };
		64FEF3AB249CB49000B77E59 /* FortuneTelling.app */ = {isa = PBXFileReference; explicitFileType = wrapper.application; includeInIndex = 0; path = FortuneTelling.app; sourceTree = BUILT_PRODUCTS_DIR; };
		64FEF3AE249CB49000B77E59 /* AppDelegate.swift */ = {isa = PBXFileReference; lastKnownFileType = sourcecode.swift; path = AppDelegate.swift; sourceTree = "<group>"; };
		64FEF3B2249CB49000B77E59 /* HBGTabBarViewController.swift */ = {isa = PBXFileReference; lastKnownFileType = sourcecode.swift; path = HBGTabBarViewController.swift; sourceTree = "<group>"; };
		64FEF3B5249CB49000B77E59 /* Base */ = {isa = PBXFileReference; lastKnownFileType = file.storyboard; name = Base; path = Base.lproj/Main.storyboard; sourceTree = "<group>"; };
		64FEF3BA249CB49100B77E59 /* Assets.xcassets */ = {isa = PBXFileReference; lastKnownFileType = folder.assetcatalog; path = Assets.xcassets; sourceTree = "<group>"; };
		64FEF3BD249CB49100B77E59 /* Base */ = {isa = PBXFileReference; lastKnownFileType = file.storyboard; name = Base; path = Base.lproj/LaunchScreen.storyboard; sourceTree = "<group>"; };
		64FEF3BF249CB49100B77E59 /* Info.plist */ = {isa = PBXFileReference; lastKnownFileType = text.plist.xml; path = Info.plist; sourceTree = "<group>"; };
		64FEF3CB249CCEDE00B77E59 /* UserInput.storyboard */ = {isa = PBXFileReference; lastKnownFileType = file.storyboard; path = UserInput.storyboard; sourceTree = "<group>"; };
		64FEF3CD249CCEE900B77E59 /* FortuneResult.storyboard */ = {isa = PBXFileReference; lastKnownFileType = file.storyboard; path = FortuneResult.storyboard; sourceTree = "<group>"; };
		64FEF3CF249CCEF600B77E59 /* Record.storyboard */ = {isa = PBXFileReference; lastKnownFileType = file.storyboard; path = Record.storyboard; sourceTree = "<group>"; };
		64FEF3D2249CCF6400B77E59 /* UIStoryborad+Extension.swift */ = {isa = PBXFileReference; lastKnownFileType = sourcecode.swift; path = "UIStoryborad+Extension.swift"; sourceTree = "<group>"; };
		64FEF3D4249CD08800B77E59 /* UIImage+Extension.swift */ = {isa = PBXFileReference; lastKnownFileType = sourcecode.swift; path = "UIImage+Extension.swift"; sourceTree = "<group>"; };
		64FEF3D6249CD46700B77E59 /* UserInputVC.swift */ = {isa = PBXFileReference; lastKnownFileType = sourcecode.swift; path = UserInputVC.swift; sourceTree = "<group>"; };
		64FEF3D8249CD47300B77E59 /* FortuneResultVC.swift */ = {isa = PBXFileReference; lastKnownFileType = sourcecode.swift; path = FortuneResultVC.swift; sourceTree = "<group>"; };
		64FEF3DA249CD47D00B77E59 /* RecordVC.swift */ = {isa = PBXFileReference; lastKnownFileType = sourcecode.swift; path = RecordVC.swift; sourceTree = "<group>"; };
		64FEF3DC249CDA8000B77E59 /* RecordTableViewCell.swift */ = {isa = PBXFileReference; lastKnownFileType = sourcecode.swift; path = RecordTableViewCell.swift; sourceTree = "<group>"; };
		64FEF3DD249CDA8000B77E59 /* RecordTableViewCell.xib */ = {isa = PBXFileReference; lastKnownFileType = file.xib; path = RecordTableViewCell.xib; sourceTree = "<group>"; };
		64FEF3E0249CDC0E00B77E59 /* UITableView+Extension.swift */ = {isa = PBXFileReference; lastKnownFileType = sourcecode.swift; path = "UITableView+Extension.swift"; sourceTree = "<group>"; };
		64FEF3E2249F60A500B77E59 /* FortuneResultTableViewCell.swift */ = {isa = PBXFileReference; lastKnownFileType = sourcecode.swift; path = FortuneResultTableViewCell.swift; sourceTree = "<group>"; };
		64FEF3E3249F60A500B77E59 /* FortuneResultTableViewCell.xib */ = {isa = PBXFileReference; lastKnownFileType = file.xib; path = FortuneResultTableViewCell.xib; sourceTree = "<group>"; };
		64FEF3E6249F626400B77E59 /* UICollectionView+Extension.swift */ = {isa = PBXFileReference; lastKnownFileType = sourcecode.swift; path = "UICollectionView+Extension.swift"; sourceTree = "<group>"; };
		64FEF3E8249F644300B77E59 /* ResultTitleCollectionViewCell.swift */ = {isa = PBXFileReference; lastKnownFileType = sourcecode.swift; path = ResultTitleCollectionViewCell.swift; sourceTree = "<group>"; };
		64FEF3E9249F644300B77E59 /* ResultTitleCollectionViewCell.xib */ = {isa = PBXFileReference; lastKnownFileType = file.xib; path = ResultTitleCollectionViewCell.xib; sourceTree = "<group>"; };
		64FEF3EC249F7C8B00B77E59 /* FortuneResultTableHeaderView.xib */ = {isa = PBXFileReference; lastKnownFileType = file.xib; path = FortuneResultTableHeaderView.xib; sourceTree = "<group>"; };
		64FEF3EE249F7CA200B77E59 /* FortuneResulteTableHeaderView.swift */ = {isa = PBXFileReference; lastKnownFileType = sourcecode.swift; path = FortuneResulteTableHeaderView.swift; sourceTree = "<group>"; };
		64FEF3F0249FD0DF00B77E59 /* FortuneCommentTableViewCell.swift */ = {isa = PBXFileReference; lastKnownFileType = sourcecode.swift; path = FortuneCommentTableViewCell.swift; sourceTree = "<group>"; };
		64FEF3F1249FD0DF00B77E59 /* FortuneCommentTableViewCell.xib */ = {isa = PBXFileReference; lastKnownFileType = file.xib; path = FortuneCommentTableViewCell.xib; sourceTree = "<group>"; };
		64FEF3F5249FDC9C00B77E59 /* DatePickerVC.swift */ = {isa = PBXFileReference; lastKnownFileType = sourcecode.swift; path = DatePickerVC.swift; sourceTree = "<group>"; };
		64FEF3F724A0C4C400B77E59 /* BirthPickerVC.swift */ = {isa = PBXFileReference; lastKnownFileType = sourcecode.swift; path = BirthPickerVC.swift; sourceTree = "<group>"; };
		64FEF3FA24A2EB5200B77E59 /* UIColor+Extension.swift */ = {isa = PBXFileReference; lastKnownFileType = sourcecode.swift; path = "UIColor+Extension.swift"; sourceTree = "<group>"; };
		64FEF3FC24A2EE8C00B77E59 /* SolarDate.swift */ = {isa = PBXFileReference; lastKnownFileType = sourcecode.swift; path = SolarDate.swift; sourceTree = "<group>"; };
		64FEF3FE24A33F7000B77E59 /* BirthdayModel.swift */ = {isa = PBXFileReference; lastKnownFileType = sourcecode.swift; path = BirthdayModel.swift; sourceTree = "<group>"; };
		C44B9569722268C6A3B54413 /* Pods-FortuneTelling.debug.xcconfig */ = {isa = PBXFileReference; includeInIndex = 1; lastKnownFileType = text.xcconfig; name = "Pods-FortuneTelling.debug.xcconfig"; path = "Target Support Files/Pods-FortuneTelling/Pods-FortuneTelling.debug.xcconfig"; sourceTree = "<group>"; };
/* End PBXFileReference section */

/* Begin PBXFrameworksBuildPhase section */
		64FEF3A8249CB49000B77E59 /* Frameworks */ = {
			isa = PBXFrameworksBuildPhase;
			buildActionMask = 2147483647;
			files = (
				1DD1D56711EC223CA80B71BF /* Pods_FortuneTelling.framework in Frameworks */,
			);
			runOnlyForDeploymentPostprocessing = 0;
		};
/* End PBXFrameworksBuildPhase section */

/* Begin PBXGroup section */
		64B65DE224AC911A00397C07 /* FortuneResult */ = {
			isa = PBXGroup;
			children = (
				64FEF3D8249CD47300B77E59 /* FortuneResultVC.swift */,
				64FEF3F5249FDC9C00B77E59 /* DatePickerVC.swift */,
			);
			path = FortuneResult;
			sourceTree = "<group>";
		};
		64FEF3A2249CB49000B77E59 = {
			isa = PBXGroup;
			children = (
				64FEF3AD249CB49000B77E59 /* FortuneTelling */,
				64FEF3AC249CB49000B77E59 /* Products */,
				827D03DFF4C0F3FDBB6F614B /* Pods */,
				8DB77EB079C89A2F65BD1F68 /* Frameworks */,
			);
			sourceTree = "<group>";
		};
		64FEF3AC249CB49000B77E59 /* Products */ = {
			isa = PBXGroup;
			children = (
				64FEF3AB249CB49000B77E59 /* FortuneTelling.app */,
			);
			name = Products;
			sourceTree = "<group>";
		};
		64FEF3AD249CB49000B77E59 /* FortuneTelling */ = {
			isa = PBXGroup;
			children = (
				64FEF3D1249CCF4300B77E59 /* Extension */,
				64FEF3CA249CCCBD00B77E59 /* Controller */,
				64FEF3C9249CCCAA00B77E59 /* View */,
				64FEF3C7249CCC9C00B77E59 /* ViewModel */,
				64FEF3C6249CCC9400B77E59 /* Model */,
				64FEF3AE249CB49000B77E59 /* AppDelegate.swift */,
				64FEF3BA249CB49100B77E59 /* Assets.xcassets */,
				64FEF3BC249CB49100B77E59 /* LaunchScreen.storyboard */,
				64FEF3BF249CB49100B77E59 /* Info.plist */,
			);
			path = FortuneTelling;
			sourceTree = "<group>";
		};
		64FEF3C6249CCC9400B77E59 /* Model */ = {
			isa = PBXGroup;
			children = (
				640D7E7F24B1D06F0096F554 /* DateManager.swift */,
				640D7E8524B243240096F554 /* UserManager.swift */,
				64FEF3FC24A2EE8C00B77E59 /* SolarDate.swift */,
				6446F99724A47BCC0053B01E /* LunarDate.swift */,
				64FEF3FE24A33F7000B77E59 /* BirthdayModel.swift */,
				6446F99924A773C50053B01E /* StorageManager.swift */,
				640D7E9124B304530096F554 /* FortuneTelling.xcdatamodeld */,
				64B65DC624A7C6AD00397C07 /* YearHeavenEarthly.swift */,
				64B65DD824AB174700397C07 /* HeavenEarthlyStruct.swift */,
				64B65DCA24A8C28400397C07 /* MonthHeavenEarthly.swift */,
				64B65DCE24A9B10B00397C07 /* monthHeavenEarthlyData.json */,
				64B65DD024A9B44300397C07 /* DayHeavenEarthly.swift */,
				64B65DD224A9E7FD00397C07 /* HourHeavenEarthly.swift */,
				64B65DDE24AC74C000397C07 /* TenGod.swift */,
				64B65DDA24AB233300397C07 /* BigTenYears.swift */,
				64B65DDC24AB700B00397C07 /* bigTenYearsData.json */,
				640D7E8324B23FE70096F554 /* SpecificYear.swift */,
				640D7E8724B24FEE0096F554 /* SpecificMonth.swift */,
				640D7E8924B2561A0096F554 /* SpecificDay.swift */,
				640D7E8D24B259910096F554 /* specificDayData.json */,
				640D7E8F24B2D7520096F554 /* SpecificHour.swift */,
				64529E0F24BC195600E6E336 /* BirthComment.swift */,
				64529E1124BC22A300E6E336 /* WuXingModel.swift */,
			);
			name = Model;
			sourceTree = "<group>";
		};
		64FEF3C7249CCC9C00B77E59 /* ViewModel */ = {
			isa = PBXGroup;
			children = (
			);
			path = ViewModel;
			sourceTree = "<group>";
		};
		64FEF3C9249CCCAA00B77E59 /* View */ = {
			isa = PBXGroup;
			children = (
				64FEF3B4249CB49000B77E59 /* Main.storyboard */,
				64FEF3CB249CCEDE00B77E59 /* UserInput.storyboard */,
				64FEF3F4249FD0E700B77E59 /* FortuneResult */,
				64FEF3CF249CCEF600B77E59 /* Record.storyboard */,
				64FEF3DC249CDA8000B77E59 /* RecordTableViewCell.swift */,
				64FEF3DD249CDA8000B77E59 /* RecordTableViewCell.xib */,
			);
			name = View;
			sourceTree = "<group>";
		};
		64FEF3CA249CCCBD00B77E59 /* Controller */ = {
			isa = PBXGroup;
			children = (
				64FEF3B2249CB49000B77E59 /* HBGTabBarViewController.swift */,
				64FEF3F924A2DEFF00B77E59 /* UserInput */,
				64B65DE224AC911A00397C07 /* FortuneResult */,
				64FEF3DA249CD47D00B77E59 /* RecordVC.swift */,
			);
			path = Controller;
			sourceTree = "<group>";
		};
		64FEF3D1249CCF4300B77E59 /* Extension */ = {
			isa = PBXGroup;
			children = (
				64FEF3D2249CCF6400B77E59 /* UIStoryborad+Extension.swift */,
				64FEF3D4249CD08800B77E59 /* UIImage+Extension.swift */,
				64FEF3E0249CDC0E00B77E59 /* UITableView+Extension.swift */,
				64FEF3E6249F626400B77E59 /* UICollectionView+Extension.swift */,
				64FEF3FA24A2EB5200B77E59 /* UIColor+Extension.swift */,
				64B65DC824A8B75E00397C07 /* String+Extension.swift */,
			);
			name = Extension;
			sourceTree = "<group>";
		};
		64FEF3F4249FD0E700B77E59 /* FortuneResult */ = {
			isa = PBXGroup;
			children = (
				64FEF3CD249CCEE900B77E59 /* FortuneResult.storyboard */,
				64FEF3EE249F7CA200B77E59 /* FortuneResulteTableHeaderView.swift */,
				64FEF3EC249F7C8B00B77E59 /* FortuneResultTableHeaderView.xib */,
				64FEF3E8249F644300B77E59 /* ResultTitleCollectionViewCell.swift */,
				64FEF3E9249F644300B77E59 /* ResultTitleCollectionViewCell.xib */,
				64B65DD424AA4A4D00397C07 /* ResultCollectionViewCell.swift */,
				64B65DD524AA4A4D00397C07 /* ResultCollectionViewCell.xib */,
				64FEF3E2249F60A500B77E59 /* FortuneResultTableViewCell.swift */,
				64FEF3E3249F60A500B77E59 /* FortuneResultTableViewCell.xib */,
				64FEF3F0249FD0DF00B77E59 /* FortuneCommentTableViewCell.swift */,
				64FEF3F1249FD0DF00B77E59 /* FortuneCommentTableViewCell.xib */,
			);
			path = FortuneResult;
			sourceTree = "<group>";
		};
		64FEF3F924A2DEFF00B77E59 /* UserInput */ = {
			isa = PBXGroup;
			children = (
				64FEF3D6249CD46700B77E59 /* UserInputVC.swift */,
				64FEF3F724A0C4C400B77E59 /* BirthPickerVC.swift */,
				640D7E8124B1DE390096F554 /* BirthTimePickerVC.swift */,
			);
			path = UserInput;
			sourceTree = "<group>";
		};
		827D03DFF4C0F3FDBB6F614B /* Pods */ = {
			isa = PBXGroup;
			children = (
				C44B9569722268C6A3B54413 /* Pods-FortuneTelling.debug.xcconfig */,
				0C666386613114DD3E208017 /* Pods-FortuneTelling.release.xcconfig */,
			);
			path = Pods;
			sourceTree = "<group>";
		};
		8DB77EB079C89A2F65BD1F68 /* Frameworks */ = {
			isa = PBXGroup;
			children = (
				034D80F57CEFF93B1811303E /* Pods_FortuneTelling.framework */,
			);
			name = Frameworks;
			sourceTree = "<group>";
		};
/* End PBXGroup section */

/* Begin PBXNativeTarget section */
		64FEF3AA249CB49000B77E59 /* FortuneTelling */ = {
			isa = PBXNativeTarget;
			buildConfigurationList = 64FEF3C2249CB49100B77E59 /* Build configuration list for PBXNativeTarget "FortuneTelling" */;
			buildPhases = (
				46576A42110B19399321C6DC /* [CP] Check Pods Manifest.lock */,
				64FEF3A7249CB49000B77E59 /* Sources */,
				64FEF3A8249CB49000B77E59 /* Frameworks */,
				64FEF3A9249CB49000B77E59 /* Resources */,
				64FEF3C5249CCBFD00B77E59 /* ShellScript */,
				58A88A622680B3B3408F8FC4 /* [CP] Embed Pods Frameworks */,
			);
			buildRules = (
			);
			dependencies = (
			);
			name = FortuneTelling;
			productName = FortuneTelling;
			productReference = 64FEF3AB249CB49000B77E59 /* FortuneTelling.app */;
			productType = "com.apple.product-type.application";
		};
/* End PBXNativeTarget section */

/* Begin PBXProject section */
		64FEF3A3249CB49000B77E59 /* Project object */ = {
			isa = PBXProject;
			attributes = {
				LastSwiftUpdateCheck = 1120;
				LastUpgradeCheck = 1120;
				ORGANIZATIONNAME = Hamburger;
				TargetAttributes = {
					64FEF3AA249CB49000B77E59 = {
						CreatedOnToolsVersion = 11.2.1;
					};
				};
			};
			buildConfigurationList = 64FEF3A6249CB49000B77E59 /* Build configuration list for PBXProject "FortuneTelling" */;
			compatibilityVersion = "Xcode 9.3";
			developmentRegion = en;
			hasScannedForEncodings = 0;
			knownRegions = (
				en,
				Base,
			);
			mainGroup = 64FEF3A2249CB49000B77E59;
			productRefGroup = 64FEF3AC249CB49000B77E59 /* Products */;
			projectDirPath = "";
			projectRoot = "";
			targets = (
				64FEF3AA249CB49000B77E59 /* FortuneTelling */,
			);
		};
/* End PBXProject section */

/* Begin PBXResourcesBuildPhase section */
		64FEF3A9249CB49000B77E59 /* Resources */ = {
			isa = PBXResourcesBuildPhase;
			buildActionMask = 2147483647;
			files = (
				64FEF3CE249CCEE900B77E59 /* FortuneResult.storyboard in Resources */,
				64B65DDD24AB700B00397C07 /* bigTenYearsData.json in Resources */,
				64B65DCF24A9B10B00397C07 /* monthHeavenEarthlyData.json in Resources */,
				64FEF3BE249CB49100B77E59 /* LaunchScreen.storyboard in Resources */,
				64B65DD724AA4A4D00397C07 /* ResultCollectionViewCell.xib in Resources */,
				640D7E8E24B259910096F554 /* specificDayData.json in Resources */,
				64FEF3BB249CB49100B77E59 /* Assets.xcassets in Resources */,
				64FEF3DF249CDA8000B77E59 /* RecordTableViewCell.xib in Resources */,
				64FEF3E5249F60A500B77E59 /* FortuneResultTableViewCell.xib in Resources */,
				64FEF3D0249CCEF600B77E59 /* Record.storyboard in Resources */,
				64FEF3ED249F7C8B00B77E59 /* FortuneResultTableHeaderView.xib in Resources */,
				64FEF3B6249CB49000B77E59 /* Main.storyboard in Resources */,
				64FEF3EB249F644300B77E59 /* ResultTitleCollectionViewCell.xib in Resources */,
				64FEF3F3249FD0DF00B77E59 /* FortuneCommentTableViewCell.xib in Resources */,
				64FEF3CC249CCEDE00B77E59 /* UserInput.storyboard in Resources */,
			);
			runOnlyForDeploymentPostprocessing = 0;
		};
/* End PBXResourcesBuildPhase section */

/* Begin PBXShellScriptBuildPhase section */
		46576A42110B19399321C6DC /* [CP] Check Pods Manifest.lock */ = {
			isa = PBXShellScriptBuildPhase;
			buildActionMask = 2147483647;
			files = (
			);
			inputFileListPaths = (
			);
			inputPaths = (
				"${PODS_PODFILE_DIR_PATH}/Podfile.lock",
				"${PODS_ROOT}/Manifest.lock",
			);
			name = "[CP] Check Pods Manifest.lock";
			outputFileListPaths = (
			);
			outputPaths = (
				"$(DERIVED_FILE_DIR)/Pods-FortuneTelling-checkManifestLockResult.txt",
			);
			runOnlyForDeploymentPostprocessing = 0;
			shellPath = /bin/sh;
			shellScript = "diff \"${PODS_PODFILE_DIR_PATH}/Podfile.lock\" \"${PODS_ROOT}/Manifest.lock\" > /dev/null\nif [ $? != 0 ] ; then\n    # print error to STDERR\n    echo \"error: The sandbox is not in sync with the Podfile.lock. Run 'pod install' or update your CocoaPods installation.\" >&2\n    exit 1\nfi\n# This output is used by Xcode 'outputs' to avoid re-running this script phase.\necho \"SUCCESS\" > \"${SCRIPT_OUTPUT_FILE_0}\"\n";
			showEnvVarsInLog = 0;
		};
		58A88A622680B3B3408F8FC4 /* [CP] Embed Pods Frameworks */ = {
			isa = PBXShellScriptBuildPhase;
			buildActionMask = 2147483647;
			files = (
			);
			inputFileListPaths = (
				"${PODS_ROOT}/Target Support Files/Pods-FortuneTelling/Pods-FortuneTelling-frameworks-${CONFIGURATION}-input-files.xcfilelist",
			);
			name = "[CP] Embed Pods Frameworks";
			outputFileListPaths = (
				"${PODS_ROOT}/Target Support Files/Pods-FortuneTelling/Pods-FortuneTelling-frameworks-${CONFIGURATION}-output-files.xcfilelist",
			);
			runOnlyForDeploymentPostprocessing = 0;
			shellPath = /bin/sh;
			shellScript = "\"${PODS_ROOT}/Target Support Files/Pods-FortuneTelling/Pods-FortuneTelling-frameworks.sh\"\n";
			showEnvVarsInLog = 0;
		};
		64FEF3C5249CCBFD00B77E59 /* ShellScript */ = {
			isa = PBXShellScriptBuildPhase;
			buildActionMask = 2147483647;
			files = (
			);
			inputFileListPaths = (
			);
			inputPaths = (
			);
			outputFileListPaths = (
			);
			outputPaths = (
			);
			runOnlyForDeploymentPostprocessing = 0;
			shellPath = /bin/sh;
			shellScript = "# Type a script or drag a script file from your workspace to insert its path.\n\"${PODS_ROOT}/SwiftLint/swiftlint\"\n";
		};
/* End PBXShellScriptBuildPhase section */

/* Begin PBXSourcesBuildPhase section */
		64FEF3A7249CB49000B77E59 /* Sources */ = {
			isa = PBXSourcesBuildPhase;
			buildActionMask = 2147483647;
			files = (
				6446F99824A47BCC0053B01E /* LunarDate.swift in Sources */,
				64B65DDB24AB233300397C07 /* BigTenYears.swift in Sources */,
				64FEF3E7249F626400B77E59 /* UICollectionView+Extension.swift in Sources */,
				64FEF3EA249F644300B77E59 /* ResultTitleCollectionViewCell.swift in Sources */,
				640D7E8824B24FEE0096F554 /* SpecificMonth.swift in Sources */,
				64FEF3F6249FDC9C00B77E59 /* DatePickerVC.swift in Sources */,
				64FEF3FB24A2EB5200B77E59 /* UIColor+Extension.swift in Sources */,
				640D7E8024B1D06F0096F554 /* DateManager.swift in Sources */,
				64FEF3B3249CB49000B77E59 /* HBGTabBarViewController.swift in Sources */,
				64FEF3DB249CD47D00B77E59 /* RecordVC.swift in Sources */,
				64B65DD924AB174800397C07 /* HeavenEarthlyStruct.swift in Sources */,
				64529E1024BC195600E6E336 /* BirthComment.swift in Sources */,
				64FEF3FF24A33F7000B77E59 /* BirthdayModel.swift in Sources */,
				64FEF3DE249CDA8000B77E59 /* RecordTableViewCell.swift in Sources */,
				64FEF3D5249CD08800B77E59 /* UIImage+Extension.swift in Sources */,
				64B65DD624AA4A4D00397C07 /* ResultCollectionViewCell.swift in Sources */,
				64FEF3EF249F7CA200B77E59 /* FortuneResulteTableHeaderView.swift in Sources */,
				64B65DD324A9E7FD00397C07 /* HourHeavenEarthly.swift in Sources */,
				640D7E8624B243240096F554 /* UserManager.swift in Sources */,
				640D7E9324B304530096F554 /* FortuneTelling.xcdatamodeld in Sources */,
				64B65DC724A7C6AD00397C07 /* YearHeavenEarthly.swift in Sources */,
				640D7E9024B2D7520096F554 /* SpecificHour.swift in Sources */,
				64FEF3F824A0C4C400B77E59 /* BirthPickerVC.swift in Sources */,
				6446F99A24A773C50053B01E /* StorageManager.swift in Sources */,
				64FEF3D3249CCF6400B77E59 /* UIStoryborad+Extension.swift in Sources */,
				64B65DC924A8B75E00397C07 /* String+Extension.swift in Sources */,
				640D7E8424B23FE70096F554 /* SpecificYear.swift in Sources */,
				64FEF3FD24A2EE8C00B77E59 /* SolarDate.swift in Sources */,
				64B65DCB24A8C28400397C07 /* MonthHeavenEarthly.swift in Sources */,
				64FEF3D9249CD47300B77E59 /* FortuneResultVC.swift in Sources */,
				64FEF3E1249CDC0E00B77E59 /* UITableView+Extension.swift in Sources */,
				64529E1224BC22A300E6E336 /* WuXingModel.swift in Sources */,
				64FEF3F2249FD0DF00B77E59 /* FortuneCommentTableViewCell.swift in Sources */,
				64FEF3D7249CD46700B77E59 /* UserInputVC.swift in Sources */,
				640D7E8224B1DE390096F554 /* BirthTimePickerVC.swift in Sources */,
				64FEF3AF249CB49000B77E59 /* AppDelegate.swift in Sources */,
				64FEF3E4249F60A500B77E59 /* FortuneResultTableViewCell.swift in Sources */,
				64B65DD124A9B44300397C07 /* DayHeavenEarthly.swift in Sources */,
				640D7E8A24B2561A0096F554 /* SpecificDay.swift in Sources */,
				64B65DDF24AC74C000397C07 /* TenGod.swift in Sources */,
			);
			runOnlyForDeploymentPostprocessing = 0;
		};
/* End PBXSourcesBuildPhase section */

/* Begin PBXVariantGroup section */
		64FEF3B4249CB49000B77E59 /* Main.storyboard */ = {
			isa = PBXVariantGroup;
			children = (
				64FEF3B5249CB49000B77E59 /* Base */,
			);
			name = Main.storyboard;
			sourceTree = "<group>";
		};
		64FEF3BC249CB49100B77E59 /* LaunchScreen.storyboard */ = {
			isa = PBXVariantGroup;
			children = (
				64FEF3BD249CB49100B77E59 /* Base */,
			);
			name = LaunchScreen.storyboard;
			sourceTree = "<group>";
		};
/* End PBXVariantGroup section */

/* Begin XCBuildConfiguration section */
		64FEF3C0249CB49100B77E59 /* Debug */ = {
			isa = XCBuildConfiguration;
			buildSettings = {
				ALWAYS_SEARCH_USER_PATHS = NO;
				CLANG_ANALYZER_NONNULL = YES;
				CLANG_ANALYZER_NUMBER_OBJECT_CONVERSION = YES_AGGRESSIVE;
				CLANG_CXX_LANGUAGE_STANDARD = "gnu++14";
				CLANG_CXX_LIBRARY = "libc++";
				CLANG_ENABLE_MODULES = YES;
				CLANG_ENABLE_OBJC_ARC = YES;
				CLANG_ENABLE_OBJC_WEAK = YES;
				CLANG_WARN_BLOCK_CAPTURE_AUTORELEASING = YES;
				CLANG_WARN_BOOL_CONVERSION = YES;
				CLANG_WARN_COMMA = YES;
				CLANG_WARN_CONSTANT_CONVERSION = YES;
				CLANG_WARN_DEPRECATED_OBJC_IMPLEMENTATIONS = YES;
				CLANG_WARN_DIRECT_OBJC_ISA_USAGE = YES_ERROR;
				CLANG_WARN_DOCUMENTATION_COMMENTS = YES;
				CLANG_WARN_EMPTY_BODY = YES;
				CLANG_WARN_ENUM_CONVERSION = YES;
				CLANG_WARN_INFINITE_RECURSION = YES;
				CLANG_WARN_INT_CONVERSION = YES;
				CLANG_WARN_NON_LITERAL_NULL_CONVERSION = YES;
				CLANG_WARN_OBJC_IMPLICIT_RETAIN_SELF = YES;
				CLANG_WARN_OBJC_LITERAL_CONVERSION = YES;
				CLANG_WARN_OBJC_ROOT_CLASS = YES_ERROR;
				CLANG_WARN_RANGE_LOOP_ANALYSIS = YES;
				CLANG_WARN_STRICT_PROTOTYPES = YES;
				CLANG_WARN_SUSPICIOUS_MOVE = YES;
				CLANG_WARN_UNGUARDED_AVAILABILITY = YES_AGGRESSIVE;
				CLANG_WARN_UNREACHABLE_CODE = YES;
				CLANG_WARN__DUPLICATE_METHOD_MATCH = YES;
				COPY_PHASE_STRIP = NO;
				DEBUG_INFORMATION_FORMAT = dwarf;
				ENABLE_STRICT_OBJC_MSGSEND = YES;
				ENABLE_TESTABILITY = YES;
				GCC_C_LANGUAGE_STANDARD = gnu11;
				GCC_DYNAMIC_NO_PIC = NO;
				GCC_NO_COMMON_BLOCKS = YES;
				GCC_OPTIMIZATION_LEVEL = 0;
				GCC_PREPROCESSOR_DEFINITIONS = (
					"DEBUG=1",
					"$(inherited)",
				);
				GCC_WARN_64_TO_32_BIT_CONVERSION = YES;
				GCC_WARN_ABOUT_RETURN_TYPE = YES_ERROR;
				GCC_WARN_UNDECLARED_SELECTOR = YES;
				GCC_WARN_UNINITIALIZED_AUTOS = YES_AGGRESSIVE;
				GCC_WARN_UNUSED_FUNCTION = YES;
				GCC_WARN_UNUSED_VARIABLE = YES;
				IPHONEOS_DEPLOYMENT_TARGET = 13.0;
				MTL_ENABLE_DEBUG_INFO = INCLUDE_SOURCE;
				MTL_FAST_MATH = YES;
				ONLY_ACTIVE_ARCH = YES;
				SDKROOT = iphoneos;
				SWIFT_ACTIVE_COMPILATION_CONDITIONS = DEBUG;
				SWIFT_OPTIMIZATION_LEVEL = "-Onone";
			};
			name = Debug;
		};
		64FEF3C1249CB49100B77E59 /* Release */ = {
			isa = XCBuildConfiguration;
			buildSettings = {
				ALWAYS_SEARCH_USER_PATHS = NO;
				CLANG_ANALYZER_NONNULL = YES;
				CLANG_ANALYZER_NUMBER_OBJECT_CONVERSION = YES_AGGRESSIVE;
				CLANG_CXX_LANGUAGE_STANDARD = "gnu++14";
				CLANG_CXX_LIBRARY = "libc++";
				CLANG_ENABLE_MODULES = YES;
				CLANG_ENABLE_OBJC_ARC = YES;
				CLANG_ENABLE_OBJC_WEAK = YES;
				CLANG_WARN_BLOCK_CAPTURE_AUTORELEASING = YES;
				CLANG_WARN_BOOL_CONVERSION = YES;
				CLANG_WARN_COMMA = YES;
				CLANG_WARN_CONSTANT_CONVERSION = YES;
				CLANG_WARN_DEPRECATED_OBJC_IMPLEMENTATIONS = YES;
				CLANG_WARN_DIRECT_OBJC_ISA_USAGE = YES_ERROR;
				CLANG_WARN_DOCUMENTATION_COMMENTS = YES;
				CLANG_WARN_EMPTY_BODY = YES;
				CLANG_WARN_ENUM_CONVERSION = YES;
				CLANG_WARN_INFINITE_RECURSION = YES;
				CLANG_WARN_INT_CONVERSION = YES;
				CLANG_WARN_NON_LITERAL_NULL_CONVERSION = YES;
				CLANG_WARN_OBJC_IMPLICIT_RETAIN_SELF = YES;
				CLANG_WARN_OBJC_LITERAL_CONVERSION = YES;
				CLANG_WARN_OBJC_ROOT_CLASS = YES_ERROR;
				CLANG_WARN_RANGE_LOOP_ANALYSIS = YES;
				CLANG_WARN_STRICT_PROTOTYPES = YES;
				CLANG_WARN_SUSPICIOUS_MOVE = YES;
				CLANG_WARN_UNGUARDED_AVAILABILITY = YES_AGGRESSIVE;
				CLANG_WARN_UNREACHABLE_CODE = YES;
				CLANG_WARN__DUPLICATE_METHOD_MATCH = YES;
				COPY_PHASE_STRIP = NO;
				DEBUG_INFORMATION_FORMAT = "dwarf-with-dsym";
				ENABLE_NS_ASSERTIONS = NO;
				ENABLE_STRICT_OBJC_MSGSEND = YES;
				GCC_C_LANGUAGE_STANDARD = gnu11;
				GCC_NO_COMMON_BLOCKS = YES;
				GCC_WARN_64_TO_32_BIT_CONVERSION = YES;
				GCC_WARN_ABOUT_RETURN_TYPE = YES_ERROR;
				GCC_WARN_UNDECLARED_SELECTOR = YES;
				GCC_WARN_UNINITIALIZED_AUTOS = YES_AGGRESSIVE;
				GCC_WARN_UNUSED_FUNCTION = YES;
				GCC_WARN_UNUSED_VARIABLE = YES;
				IPHONEOS_DEPLOYMENT_TARGET = 13.0;
				MTL_ENABLE_DEBUG_INFO = NO;
				MTL_FAST_MATH = YES;
				SDKROOT = iphoneos;
				SWIFT_COMPILATION_MODE = wholemodule;
				SWIFT_OPTIMIZATION_LEVEL = "-O";
				VALIDATE_PRODUCT = YES;
			};
			name = Release;
		};
		64FEF3C3249CB49100B77E59 /* Debug */ = {
			isa = XCBuildConfiguration;
			baseConfigurationReference = C44B9569722268C6A3B54413 /* Pods-FortuneTelling.debug.xcconfig */;
			buildSettings = {
				ASSETCATALOG_COMPILER_APPICON_NAME = AppIcon;
				CODE_SIGN_STYLE = Automatic;
				DEVELOPMENT_TEAM = 2D5SP97CPJ;
				INFOPLIST_FILE = FortuneTelling/Info.plist;
				IPHONEOS_DEPLOYMENT_TARGET = 13.0;
				LD_RUNPATH_SEARCH_PATHS = (
					"$(inherited)",
					"@executable_path/Frameworks",
				);
				PRODUCT_BUNDLE_IDENTIFIER = com.hamburger.BobFortuneTelling;
				PRODUCT_NAME = "$(TARGET_NAME)";
				SWIFT_VERSION = 5.0;
				TARGETED_DEVICE_FAMILY = 1;
			};
			name = Debug;
		};
		64FEF3C4249CB49100B77E59 /* Release */ = {
			isa = XCBuildConfiguration;
			baseConfigurationReference = 0C666386613114DD3E208017 /* Pods-FortuneTelling.release.xcconfig */;
			buildSettings = {
				ASSETCATALOG_COMPILER_APPICON_NAME = AppIcon;
				CODE_SIGN_STYLE = Automatic;
				DEVELOPMENT_TEAM = 2D5SP97CPJ;
				INFOPLIST_FILE = FortuneTelling/Info.plist;
				IPHONEOS_DEPLOYMENT_TARGET = 13.0;
				LD_RUNPATH_SEARCH_PATHS = (
					"$(inherited)",
					"@executable_path/Frameworks",
				);
				PRODUCT_BUNDLE_IDENTIFIER = com.hamburger.BobFortuneTelling;
				PRODUCT_NAME = "$(TARGET_NAME)";
				SWIFT_VERSION = 5.0;
				TARGETED_DEVICE_FAMILY = 1;
			};
			name = Release;
		};
/* End XCBuildConfiguration section */

/* Begin XCConfigurationList section */
		64FEF3A6249CB49000B77E59 /* Build configuration list for PBXProject "FortuneTelling" */ = {
			isa = XCConfigurationList;
			buildConfigurations = (
				64FEF3C0249CB49100B77E59 /* Debug */,
				64FEF3C1249CB49100B77E59 /* Release */,
			);
			defaultConfigurationIsVisible = 0;
			defaultConfigurationName = Release;
		};
		64FEF3C2249CB49100B77E59 /* Build configuration list for PBXNativeTarget "FortuneTelling" */ = {
			isa = XCConfigurationList;
			buildConfigurations = (
				64FEF3C3249CB49100B77E59 /* Debug */,
				64FEF3C4249CB49100B77E59 /* Release */,
			);
			defaultConfigurationIsVisible = 0;
			defaultConfigurationName = Release;
		};
/* End XCConfigurationList section */

/* Begin XCVersionGroup section */
		640D7E9124B304530096F554 /* FortuneTelling.xcdatamodeld */ = {
			isa = XCVersionGroup;
			children = (
				640D7E9224B304530096F554 /* FortuneTelling.xcdatamodel */,
			);
			currentVersion = 640D7E9224B304530096F554 /* FortuneTelling.xcdatamodel */;
			path = FortuneTelling.xcdatamodeld;
			sourceTree = "<group>";
			versionGroupType = wrapper.xcdatamodel;
		};
/* End XCVersionGroup section */
	};
	rootObject = 64FEF3A3249CB49000B77E59 /* Project object */;
}
